// !$*UTF8*$!
{
	archiveVersion = 1;
	classes = {
	};
	objectVersion = 45;
	objects = {

/* Begin PBXBuildFile section */
		7904AFAF1294E99400FB336E /* FMDatabase.m in Sources */ = {isa = PBXBuildFile; fileRef = 7904AFA91294E99400FB336E /* FMDatabase.m */; };
		7904AFB01294E99400FB336E /* FMDatabaseAdditions.m in Sources */ = {isa = PBXBuildFile; fileRef = 7904AFAB1294E99400FB336E /* FMDatabaseAdditions.m */; };
		7904AFB21294E99400FB336E /* FMResultSet.m in Sources */ = {isa = PBXBuildFile; fileRef = 7904AFAE1294E99400FB336E /* FMResultSet.m */; };
		7904AFC31295098D00FB336E /* COStore.m in Sources */ = {isa = PBXBuildFile; fileRef = 7904AFC21295098D00FB336E /* COStore.m */; };
		7904AFE2129514D300FB336E /* TestStore.m in Sources */ = {isa = PBXBuildFile; fileRef = 7904AFE1129514D300FB336E /* TestStore.m */; };
		791AC8B21296549C00BD2659 /* sqlite3.c in Sources */ = {isa = PBXBuildFile; fileRef = 791AC8B11296549C00BD2659 /* sqlite3.c */; };
		79F0290A1295986800B34DFB /* COCommit.m in Sources */ = {isa = PBXBuildFile; fileRef = 79F029091295986800B34DFB /* COCommit.m */; };
		79F029101295996D00B34DFB /* CONamedBranch.m in Sources */ = {isa = PBXBuildFile; fileRef = 79F0290F1295996D00B34DFB /* CONamedBranch.m */; };
		79F0292512959A4800B34DFB /* EtoileFoundation.framework in Frameworks */ = {isa = PBXBuildFile; fileRef = 79F0292012959A2F00B34DFB /* EtoileFoundation.framework */; };
		79F0294512959B7B00B34DFB /* UnitKit.framework in Frameworks */ = {isa = PBXBuildFile; fileRef = 79F0294412959B7B00B34DFB /* UnitKit.framework */; };
		8DD76F9A0486AA7600D96B5E /* NewStore2.m in Sources */ = {isa = PBXBuildFile; fileRef = 08FB7796FE84155DC02AAC07 /* NewStore2.m */; settings = {ATTRIBUTES = (); }; };
		8DD76F9C0486AA7600D96B5E /* Foundation.framework in Frameworks */ = {isa = PBXBuildFile; fileRef = 08FB779EFE84155DC02AAC07 /* Foundation.framework */; };
/* End PBXBuildFile section */

/* Begin PBXContainerItemProxy section */
		79F0291D12959A2F00B34DFB /* PBXContainerItemProxy */ = {
			isa = PBXContainerItemProxy;
			containerPortal = 79F0291412959A2E00B34DFB /* EtoileFoundation.xcodeproj */;
			proxyType = 2;
			remoteGlobalIDString = 60073EAD10074D26007272E6;
			remoteInfo = EtoileXML;
		};
		79F0291F12959A2F00B34DFB /* PBXContainerItemProxy */ = {
			isa = PBXContainerItemProxy;
			containerPortal = 79F0291412959A2E00B34DFB /* EtoileFoundation.xcodeproj */;
			proxyType = 2;
			remoteGlobalIDString = 603647AC0E409244003377E0;
			remoteInfo = EtoileFoundation;
		};
		79F0292112959A2F00B34DFB /* PBXContainerItemProxy */ = {
			isa = PBXContainerItemProxy;
			containerPortal = 79F0291412959A2E00B34DFB /* EtoileFoundation.xcodeproj */;
			proxyType = 2;
			remoteGlobalIDString = 609B66D70FEE80CE0007F842;
			remoteInfo = TestEtoileFoundation;
		};
		79F0292312959A3E00B34DFB /* PBXContainerItemProxy */ = {
			isa = PBXContainerItemProxy;
			containerPortal = 79F0291412959A2E00B34DFB /* EtoileFoundation.xcodeproj */;
			proxyType = 1;
			remoteGlobalIDString = 603647AB0E409244003377E0;
			remoteInfo = EtoileFoundation;
		};
/* End PBXContainerItemProxy section */

/* Begin PBXCopyFilesBuildPhase section */
		8DD76F9E0486AA7600D96B5E /* CopyFiles */ = {
			isa = PBXCopyFilesBuildPhase;
			buildActionMask = 8;
			dstPath = /usr/share/man/man1/;
			dstSubfolderSpec = 0;
			files = (
			);
			runOnlyForDeploymentPostprocessing = 1;
		};
/* End PBXCopyFilesBuildPhase section */

/* Begin PBXFileReference section */
		08FB7796FE84155DC02AAC07 /* NewStore2.m */ = {isa = PBXFileReference; fileEncoding = 4; lastKnownFileType = sourcecode.c.objc; path = NewStore2.m; sourceTree = "<group>"; };
		08FB779EFE84155DC02AAC07 /* Foundation.framework */ = {isa = PBXFileReference; lastKnownFileType = wrapper.framework; name = Foundation.framework; path = /System/Library/Frameworks/Foundation.framework; sourceTree = "<absolute>"; };
		32A70AAB03705E1F00C91783 /* NewStore2_Prefix.pch */ = {isa = PBXFileReference; fileEncoding = 4; lastKnownFileType = sourcecode.c.h; path = NewStore2_Prefix.pch; sourceTree = "<group>"; };
		7904AFA41294E99400FB336E /* fmdb_Prefix.pch */ = {isa = PBXFileReference; fileEncoding = 4; lastKnownFileType = sourcecode.c.h; path = fmdb_Prefix.pch; sourceTree = "<group>"; };
		7904AFA51294E99400FB336E /* LICENSE.txt */ = {isa = PBXFileReference; fileEncoding = 4; lastKnownFileType = text; path = LICENSE.txt; sourceTree = "<group>"; };
		7904AFA81294E99400FB336E /* FMDatabase.h */ = {isa = PBXFileReference; fileEncoding = 4; lastKnownFileType = sourcecode.c.h; name = FMDatabase.h; path = src/FMDatabase.h; sourceTree = "<group>"; };
		7904AFA91294E99400FB336E /* FMDatabase.m */ = {isa = PBXFileReference; fileEncoding = 4; lastKnownFileType = sourcecode.c.objc; name = FMDatabase.m; path = src/FMDatabase.m; sourceTree = "<group>"; };
		7904AFAA1294E99400FB336E /* FMDatabaseAdditions.h */ = {isa = PBXFileReference; fileEncoding = 4; lastKnownFileType = sourcecode.c.h; name = FMDatabaseAdditions.h; path = src/FMDatabaseAdditions.h; sourceTree = "<group>"; };
		7904AFAB1294E99400FB336E /* FMDatabaseAdditions.m */ = {isa = PBXFileReference; fileEncoding = 4; lastKnownFileType = sourcecode.c.objc; name = FMDatabaseAdditions.m; path = src/FMDatabaseAdditions.m; sourceTree = "<group>"; };
		7904AFAC1294E99400FB336E /* fmdb.m */ = {isa = PBXFileReference; fileEncoding = 4; lastKnownFileType = sourcecode.c.objc; name = fmdb.m; path = src/fmdb.m; sourceTree = "<group>"; };
		7904AFAD1294E99400FB336E /* FMResultSet.h */ = {isa = PBXFileReference; fileEncoding = 4; lastKnownFileType = sourcecode.c.h; name = FMResultSet.h; path = src/FMResultSet.h; sourceTree = "<group>"; };
		7904AFAE1294E99400FB336E /* FMResultSet.m */ = {isa = PBXFileReference; fileEncoding = 4; lastKnownFileType = sourcecode.c.objc; name = FMResultSet.m; path = src/FMResultSet.m; sourceTree = "<group>"; };
		7904AFC11295098D00FB336E /* COStore.h */ = {isa = PBXFileReference; fileEncoding = 4; lastKnownFileType = sourcecode.c.h; path = COStore.h; sourceTree = "<group>"; };
		7904AFC21295098D00FB336E /* COStore.m */ = {isa = PBXFileReference; fileEncoding = 4; lastKnownFileType = sourcecode.c.objc; path = COStore.m; sourceTree = "<group>"; };
		7904AFE0129514D300FB336E /* TestStore.h */ = {isa = PBXFileReference; fileEncoding = 4; lastKnownFileType = sourcecode.c.h; path = TestStore.h; sourceTree = "<group>"; };
		7904AFE1129514D300FB336E /* TestStore.m */ = {isa = PBXFileReference; fileEncoding = 4; lastKnownFileType = sourcecode.c.objc; path = TestStore.m; sourceTree = "<group>"; };
		791AC8B01296549C00BD2659 /* sqlite3.h */ = {isa = PBXFileReference; fileEncoding = 4; lastKnownFileType = sourcecode.c.h; path = sqlite3.h; sourceTree = "<group>"; };
		791AC8B11296549C00BD2659 /* sqlite3.c */ = {isa = PBXFileReference; fileEncoding = 4; lastKnownFileType = sourcecode.c.c; path = sqlite3.c; sourceTree = "<group>"; };
		79F029081295986800B34DFB /* COCommit.h */ = {isa = PBXFileReference; fileEncoding = 4; lastKnownFileType = sourcecode.c.h; path = COCommit.h; sourceTree = "<group>"; };
		79F029091295986800B34DFB /* COCommit.m */ = {isa = PBXFileReference; fileEncoding = 4; lastKnownFileType = sourcecode.c.objc; path = COCommit.m; sourceTree = "<group>"; };
		79F0290E1295996D00B34DFB /* CONamedBranch.h */ = {isa = PBXFileReference; fileEncoding = 4; lastKnownFileType = sourcecode.c.h; path = CONamedBranch.h; sourceTree = "<group>"; };
		79F0290F1295996D00B34DFB /* CONamedBranch.m */ = {isa = PBXFileReference; fileEncoding = 4; lastKnownFileType = sourcecode.c.objc; path = CONamedBranch.m; sourceTree = "<group>"; };
		79F0291412959A2E00B34DFB /* EtoileFoundation.xcodeproj */ = {isa = PBXFileReference; lastKnownFileType = "wrapper.pb-project"; name = EtoileFoundation.xcodeproj; path = ../../dev/etoile/trunk/Etoile/Frameworks/EtoileFoundation/EtoileFoundation.xcodeproj; sourceTree = SOURCE_ROOT; };
		79F0293E12959B1200B34DFB /* TestStore-Info.plist */ = {isa = PBXFileReference; lastKnownFileType = text.plist.xml; path = "TestStore-Info.plist"; sourceTree = "<group>"; };
		79F0294412959B7B00B34DFB /* UnitKit.framework */ = {isa = PBXFileReference; lastKnownFileType = wrapper.framework; name = UnitKit.framework; path = Library/Frameworks/UnitKit.framework; sourceTree = SDKROOT; };
		8DD76FA10486AA7600D96B5E /* NewStore2 */ = {isa = PBXFileReference; explicitFileType = "compiled.mach-o.executable"; includeInIndex = 0; path = NewStore2; sourceTree = BUILT_PRODUCTS_DIR; };
/* End PBXFileReference section */

/* Begin PBXFrameworksBuildPhase section */
		8DD76F9B0486AA7600D96B5E /* Frameworks */ = {
			isa = PBXFrameworksBuildPhase;
			buildActionMask = 2147483647;
			files = (
				79F0292512959A4800B34DFB /* EtoileFoundation.framework in Frameworks */,
				8DD76F9C0486AA7600D96B5E /* Foundation.framework in Frameworks */,
				79F0294512959B7B00B34DFB /* UnitKit.framework in Frameworks */,
			);
			runOnlyForDeploymentPostprocessing = 0;
		};
/* End PBXFrameworksBuildPhase section */

/* Begin PBXGroup section */
		08FB7794FE84155DC02AAC07 /* NewStore2 */ = {
			isa = PBXGroup;
			children = (
				79F0291412959A2E00B34DFB /* EtoileFoundation.xcodeproj */,
				08FB7795FE84155DC02AAC07 /* Source */,
				C6859EA2029092E104C91782 /* Documentation */,
				08FB779DFE84155DC02AAC07 /* External Frameworks and Libraries */,
				1AB674ADFE9D54B511CA2CBB /* Products */,
				79F0293E12959B1200B34DFB /* TestStore-Info.plist */,
				79F0294412959B7B00B34DFB /* UnitKit.framework */,
			);
			name = NewStore2;
			sourceTree = "<group>";
		};
		08FB7795FE84155DC02AAC07 /* Source */ = {
			isa = PBXGroup;
			children = (
				791AC8B4129654BD00BD2659 /* sqlite */,
				7904AF0A1294E99400FB336E /* fmdb */,
				32A70AAB03705E1F00C91783 /* NewStore2_Prefix.pch */,
				08FB7796FE84155DC02AAC07 /* NewStore2.m */,
				7904AFC11295098D00FB336E /* COStore.h */,
				7904AFC21295098D00FB336E /* COStore.m */,
				79F029081295986800B34DFB /* COCommit.h */,
				79F029091295986800B34DFB /* COCommit.m */,
				79F0290E1295996D00B34DFB /* CONamedBranch.h */,
				79F0290F1295996D00B34DFB /* CONamedBranch.m */,
				7904AFE0129514D300FB336E /* TestStore.h */,
				7904AFE1129514D300FB336E /* TestStore.m */,
			);
			name = Source;
			sourceTree = "<group>";
		};
		08FB779DFE84155DC02AAC07 /* External Frameworks and Libraries */ = {
			isa = PBXGroup;
			children = (
				08FB779EFE84155DC02AAC07 /* Foundation.framework */,
			);
			name = "External Frameworks and Libraries";
			sourceTree = "<group>";
		};
		1AB674ADFE9D54B511CA2CBB /* Products */ = {
			isa = PBXGroup;
			children = (
				8DD76FA10486AA7600D96B5E /* NewStore2 */,
			);
			name = Products;
			sourceTree = "<group>";
		};
		7904AF0A1294E99400FB336E /* fmdb */ = {
			isa = PBXGroup;
			children = (
				7904AFA81294E99400FB336E /* FMDatabase.h */,
				7904AFA91294E99400FB336E /* FMDatabase.m */,
				7904AFAA1294E99400FB336E /* FMDatabaseAdditions.h */,
				7904AFAB1294E99400FB336E /* FMDatabaseAdditions.m */,
				7904AFAC1294E99400FB336E /* fmdb.m */,
				7904AFAD1294E99400FB336E /* FMResultSet.h */,
				7904AFAE1294E99400FB336E /* FMResultSet.m */,
				7904AFA41294E99400FB336E /* fmdb_Prefix.pch */,
				7904AFA51294E99400FB336E /* LICENSE.txt */,
			);
			path = fmdb;
			sourceTree = "<group>";
		};
		791AC8B4129654BD00BD2659 /* sqlite */ = {
			isa = PBXGroup;
			children = (
				791AC8B01296549C00BD2659 /* sqlite3.h */,
				791AC8B11296549C00BD2659 /* sqlite3.c */,
			);
			name = sqlite;
			sourceTree = "<group>";
		};
		79F0291512959A2E00B34DFB /* Products */ = {
			isa = PBXGroup;
			children = (
				79F0291E12959A2F00B34DFB /* EtoileXML.framework */,
				79F0292012959A2F00B34DFB /* EtoileFoundation.framework */,
				79F0292212959A2F00B34DFB /* TestEtoileFoundation.bundle */,
			);
			name = Products;
			sourceTree = "<group>";
		};
		C6859EA2029092E104C91782 /* Documentation */ = {
			isa = PBXGroup;
			children = (
			);
			name = Documentation;
			sourceTree = "<group>";
		};
/* End PBXGroup section */

/* Begin PBXNativeTarget section */
		8DD76F960486AA7600D96B5E /* NewStore2 */ = {
			isa = PBXNativeTarget;
			buildConfigurationList = 1DEB927408733DD40010E9CD /* Build configuration list for PBXNativeTarget "NewStore2" */;
			buildPhases = (
				8DD76F990486AA7600D96B5E /* Sources */,
				8DD76F9B0486AA7600D96B5E /* Frameworks */,
				8DD76F9E0486AA7600D96B5E /* CopyFiles */,
			);
			buildRules = (
			);
			dependencies = (
				79F0292412959A3E00B34DFB /* PBXTargetDependency */,
			);
			name = NewStore2;
			productInstallPath = "$(HOME)/bin";
			productName = NewStore2;
			productReference = 8DD76FA10486AA7600D96B5E /* NewStore2 */;
			productType = "com.apple.product-type.tool";
		};
/* End PBXNativeTarget section */

/* Begin PBXProject section */
		08FB7793FE84155DC02AAC07 /* Project object */ = {
			isa = PBXProject;
			buildConfigurationList = 1DEB927808733DD40010E9CD /* Build configuration list for PBXProject "NewStore2" */;
			compatibilityVersion = "Xcode 3.1";
			developmentRegion = English;
			hasScannedForEncodings = 1;
			knownRegions = (
				English,
				Japanese,
				French,
				German,
			);
			mainGroup = 08FB7794FE84155DC02AAC07 /* NewStore2 */;
			projectDirPath = "";
			projectReferences = (
				{
					ProductGroup = 79F0291512959A2E00B34DFB /* Products */;
					ProjectRef = 79F0291412959A2E00B34DFB /* EtoileFoundation.xcodeproj */;
				},
			);
			projectRoot = "";
			targets = (
				8DD76F960486AA7600D96B5E /* NewStore2 */,
			);
		};
/* End PBXProject section */

/* Begin PBXReferenceProxy section */
		79F0291E12959A2F00B34DFB /* EtoileXML.framework */ = {
			isa = PBXReferenceProxy;
			fileType = wrapper.framework;
			path = EtoileXML.framework;
			remoteRef = 79F0291D12959A2F00B34DFB /* PBXContainerItemProxy */;
			sourceTree = BUILT_PRODUCTS_DIR;
		};
		79F0292012959A2F00B34DFB /* EtoileFoundation.framework */ = {
			isa = PBXReferenceProxy;
			fileType = wrapper.framework;
			path = EtoileFoundation.framework;
			remoteRef = 79F0291F12959A2F00B34DFB /* PBXContainerItemProxy */;
			sourceTree = BUILT_PRODUCTS_DIR;
		};
		79F0292212959A2F00B34DFB /* TestEtoileFoundation.bundle */ = {
			isa = PBXReferenceProxy;
			fileType = wrapper.cfbundle;
			path = TestEtoileFoundation.bundle;
			remoteRef = 79F0292112959A2F00B34DFB /* PBXContainerItemProxy */;
			sourceTree = BUILT_PRODUCTS_DIR;
		};
/* End PBXReferenceProxy section */

/* Begin PBXSourcesBuildPhase section */
		8DD76F990486AA7600D96B5E /* Sources */ = {
			isa = PBXSourcesBuildPhase;
			buildActionMask = 2147483647;
			files = (
				8DD76F9A0486AA7600D96B5E /* NewStore2.m in Sources */,
				7904AFAF1294E99400FB336E /* FMDatabase.m in Sources */,
				7904AFB01294E99400FB336E /* FMDatabaseAdditions.m in Sources */,
				7904AFB21294E99400FB336E /* FMResultSet.m in Sources */,
				7904AFC31295098D00FB336E /* COStore.m in Sources */,
				7904AFE2129514D300FB336E /* TestStore.m in Sources */,
				79F0290A1295986800B34DFB /* COCommit.m in Sources */,
				79F029101295996D00B34DFB /* CONamedBranch.m in Sources */,
				791AC8B21296549C00BD2659 /* sqlite3.c in Sources */,
			);
			runOnlyForDeploymentPostprocessing = 0;
		};
/* End PBXSourcesBuildPhase section */

/* Begin PBXTargetDependency section */
		79F0292412959A3E00B34DFB /* PBXTargetDependency */ = {
			isa = PBXTargetDependency;
			name = EtoileFoundation;
			targetProxy = 79F0292312959A3E00B34DFB /* PBXContainerItemProxy */;
		};
/* End PBXTargetDependency section */

/* Begin XCBuildConfiguration section */
		1DEB927508733DD40010E9CD /* Debug */ = {
			isa = XCBuildConfiguration;
			buildSettings = {
				ALWAYS_SEARCH_USER_PATHS = NO;
				COPY_PHASE_STRIP = NO;
				GCC_DYNAMIC_NO_PIC = NO;
				GCC_ENABLE_FIX_AND_CONTINUE = YES;
				GCC_MODEL_TUNING = G5;
				GCC_OPTIMIZATION_LEVEL = 0;
				GCC_PRECOMPILE_PREFIX_HEADER = YES;
				GCC_PREFIX_HEADER = NewStore2_Prefix.pch;
				INSTALL_PATH = /usr/local/bin;
				OTHER_CFLAGS = (
					"-DSQLITE_ENABLTE_ENABLE_FTS3_PARENTHESIS",
					"-DSQLITE_ENABLE_FTS3",
				);
				PRODUCT_NAME = NewStore2;
			};
			name = Debug;
		};
		1DEB927608733DD40010E9CD /* Release */ = {
			isa = XCBuildConfiguration;
			buildSettings = {
				ALWAYS_SEARCH_USER_PATHS = NO;
				DEBUG_INFORMATION_FORMAT = "dwarf-with-dsym";
				GCC_MODEL_TUNING = G5;
				GCC_PRECOMPILE_PREFIX_HEADER = YES;
				GCC_PREFIX_HEADER = NewStore2_Prefix.pch;
				INSTALL_PATH = /usr/local/bin;
				OTHER_CFLAGS = (
					"-DSQLITE_ENABLTE_ENABLE_FTS3_PARENTHESIS",
					"-DSQLITE_ENABLE_FTS3",
				);
				PRODUCT_NAME = NewStore2;
			};
			name = Release;
		};
		1DEB927908733DD40010E9CD /* Debug */ = {
			isa = XCBuildConfiguration;
			buildSettings = {
				ARCHS = "$(ARCHS_STANDARD_32_64_BIT)";
				GCC_C_LANGUAGE_STANDARD = gnu99;
				GCC_OPTIMIZATION_LEVEL = 0;
				GCC_WARN_ABOUT_RETURN_TYPE = YES;
				GCC_WARN_UNUSED_VARIABLE = YES;
				ONLY_ACTIVE_ARCH = YES;
				PREBINDING = NO;
				SDKROOT = macosx10.6;
			};
			name = Debug;
		};
		1DEB927A08733DD40010E9CD /* Release */ = {
			isa = XCBuildConfiguration;
			buildSettings = {
				ARCHS = "$(ARCHS_STANDARD_32_64_BIT)";
				GCC_C_LANGUAGE_STANDARD = gnu99;
				GCC_WARN_ABOUT_RETURN_TYPE = YES;
				GCC_WARN_UNUSED_VARIABLE = YES;
				PREBINDING = NO;
				SDKROOT = macosx10.6;
			};
			name = Release;
		};
/* End XCBuildConfiguration section */

/* Begin XCConfigurationList section */
		1DEB927408733DD40010E9CD /* Build configuration list for PBXNativeTarget "NewStore2" */ = {
			isa = XCConfigurationList;
			buildConfigurations = (
				1DEB927508733DD40010E9CD /* Debug */,
				1DEB927608733DD40010E9CD /* Release */,
			);
			defaultConfigurationIsVisible = 0;
			defaultConfigurationName = Release;
		};
		1DEB927808733DD40010E9CD /* Build configuration list for PBXProject "NewStore2" */ = {
			isa = XCConfigurationList;
			buildConfigurations = (
				1DEB927908733DD40010E9CD /* Debug */,
				1DEB927A08733DD40010E9CD /* Release */,
			);
			defaultConfigurationIsVisible = 0;
			defaultConfigurationName = Release;
		};
/* End XCConfigurationList section */
	};
	rootObject = 08FB7793FE84155DC02AAC07 /* Project object */;
}
