// !$*UTF8*$!
{
	archiveVersion = 1;
	classes = {
	};
	objectVersion = 45;
	objects = {

/* Begin PBXBuildFile section */
		1DDD58160DA1D0A300B32029 /* MainMenu.xib in Resources */ = {isa = PBXBuildFile; fileRef = 1DDD58140DA1D0A300B32029 /* MainMenu.xib */; };
		6600AEE5112E748D00C525BB /* EtoileFoundation.framework in Frameworks */ = {isa = PBXBuildFile; fileRef = 6600AEDF112E746F00C525BB /* EtoileFoundation.framework */; };
		6675B17A11DEA70A00ACE0CB /* COHistoryGraphNode.m in Sources */ = {isa = PBXBuildFile; fileRef = 6675B17911DEA70A00ACE0CB /* COHistoryGraphNode.m */; };
		6675B1B111E17E5B00ACE0CB /* COStoreCoordinator.m in Sources */ = {isa = PBXBuildFile; fileRef = 6675B1B011E17E5B00ACE0CB /* COStoreCoordinator.m */; };
		6695E4B911A1604800CDD7CF /* ObjectMergingAppDelegate.m in Sources */ = {isa = PBXBuildFile; fileRef = 256AC3D90F4B6AC300CF3369 /* ObjectMergingAppDelegate.m */; };
		6695E4BA11A1604800CDD7CF /* COObject.m in Sources */ = {isa = PBXBuildFile; fileRef = 669963D0115FE67D00359BE6 /* COObject.m */; };
		6695E4BB11A1604800CDD7CF /* COObjectContext.m in Sources */ = {isa = PBXBuildFile; fileRef = 669964F81161431A00359BE6 /* COObjectContext.m */; };
		6695E4BC11A1604800CDD7CF /* COFetchRequest.m in Sources */ = {isa = PBXBuildFile; fileRef = 666B277E117D0F7F004AC6E7 /* COFetchRequest.m */; };
		6695E4BE11A1604800CDD7CF /* COObjectGraphDiff.m in Sources */ = {isa = PBXBuildFile; fileRef = 6695E2011199532D00CDD7CF /* COObjectGraphDiff.m */; };
		6695E4C311A1604800CDD7CF /* COStore.m in Sources */ = {isa = PBXBuildFile; fileRef = 669964F311613F8E00359BE6 /* COStore.m */; };
		6695E4C411A1604800CDD7CF /* COSerializer.m in Sources */ = {isa = PBXBuildFile; fileRef = 6699663D1163B42C00359BE6 /* COSerializer.m */; };
		6695E4C811A1604800CDD7CF /* COStringDiff.mm in Sources */ = {isa = PBXBuildFile; fileRef = 66996341115F46B600359BE6 /* COStringDiff.mm */; };
		6695E4C911A1604800CDD7CF /* COArrayDiff.mm in Sources */ = {isa = PBXBuildFile; fileRef = 6699637C115FE31800359BE6 /* COArrayDiff.mm */; };
		6695E4CB11A1604800CDD7CF /* NSData+compression.m in Sources */ = {isa = PBXBuildFile; fileRef = 6699651C11629A6400359BE6 /* NSData+compression.m */; };
		6695E4CC11A1604800CDD7CF /* NSData+sha1.m in Sources */ = {isa = PBXBuildFile; fileRef = 6699651F11629A7200359BE6 /* NSData+sha1.m */; };
		6695E4CD11A1604800CDD7CF /* main.m in Sources */ = {isa = PBXBuildFile; fileRef = 29B97316FDCFA39411CA2CEA /* main.m */; };
		6698293A11EB01AD007154CD /* COSetDiff.m in Sources */ = {isa = PBXBuildFile; fileRef = 6698293911EB01AD007154CD /* COSetDiff.m */; };
		66982A2011EBC2A0007154CD /* TODO in Resources */ = {isa = PBXBuildFile; fileRef = 66982A1F11EBC2A0007154CD /* TODO */; };
		66983DB411F267D0007154CD /* COSequenceDiff.m in Sources */ = {isa = PBXBuildFile; fileRef = 66983DB311F267D0007154CD /* COSequenceDiff.m */; };
		669965361162E17500359BE6 /* libz.dylib in Frameworks */ = {isa = PBXBuildFile; fileRef = 669965351162E17500359BE6 /* libz.dylib */; };
		669965401162E1C000359BE6 /* libcrypto.dylib in Frameworks */ = {isa = PBXBuildFile; fileRef = 6699653F1162E1C000359BE6 /* libcrypto.dylib */; };
		66C84BD611A54C3200DE87E7 /* COObject+KVC.m in Sources */ = {isa = PBXBuildFile; fileRef = 66C84BD511A54C3200DE87E7 /* COObject+KVC.m */; };
		66C84D1911AE599A00DE87E7 /* COMergeResult.m in Sources */ = {isa = PBXBuildFile; fileRef = 66C84D1811AE599A00DE87E7 /* COMergeResult.m */; };
		8D11072B0486CEB800E47090 /* InfoPlist.strings in Resources */ = {isa = PBXBuildFile; fileRef = 089C165CFE840E0CC02AAC07 /* InfoPlist.strings */; };
		8D11072F0486CEB800E47090 /* Cocoa.framework in Frameworks */ = {isa = PBXBuildFile; fileRef = 1058C7A1FEA54F0111CA2CBB /* Cocoa.framework */; };
/* End PBXBuildFile section */

/* Begin PBXContainerItemProxy section */
		6600AEDC112E746F00C525BB /* PBXContainerItemProxy */ = {
			isa = PBXContainerItemProxy;
			containerPortal = 6600AED3112E746F00C525BB /* EtoileFoundation.xcodeproj */;
			proxyType = 2;
			remoteGlobalIDString = 60073EAD10074D26007272E6;
			remoteInfo = EtoileXML;
		};
		6600AEDE112E746F00C525BB /* PBXContainerItemProxy */ = {
			isa = PBXContainerItemProxy;
			containerPortal = 6600AED3112E746F00C525BB /* EtoileFoundation.xcodeproj */;
			proxyType = 2;
			remoteGlobalIDString = 603647AC0E409244003377E0;
			remoteInfo = EtoileFoundation;
		};
		6600AEE0112E746F00C525BB /* PBXContainerItemProxy */ = {
			isa = PBXContainerItemProxy;
			containerPortal = 6600AED3112E746F00C525BB /* EtoileFoundation.xcodeproj */;
			proxyType = 2;
			remoteGlobalIDString = 609B66D70FEE80CE0007F842;
			remoteInfo = TestEtoileFoundation;
		};
/* End PBXContainerItemProxy section */

/* Begin PBXFileReference section */
		089C165DFE840E0CC02AAC07 /* English */ = {isa = PBXFileReference; fileEncoding = 4; lastKnownFileType = text.plist.strings; name = English; path = English.lproj/InfoPlist.strings; sourceTree = "<group>"; };
		1058C7A1FEA54F0111CA2CBB /* Cocoa.framework */ = {isa = PBXFileReference; lastKnownFileType = wrapper.framework; name = Cocoa.framework; path = /System/Library/Frameworks/Cocoa.framework; sourceTree = "<absolute>"; };
		13E42FB307B3F0F600E4EEF1 /* CoreData.framework */ = {isa = PBXFileReference; lastKnownFileType = wrapper.framework; name = CoreData.framework; path = /System/Library/Frameworks/CoreData.framework; sourceTree = "<absolute>"; };
		1DDD58150DA1D0A300B32029 /* English */ = {isa = PBXFileReference; lastKnownFileType = file.xib; name = English; path = English.lproj/MainMenu.xib; sourceTree = "<group>"; };
		256AC3D80F4B6AC300CF3369 /* ObjectMergingAppDelegate.h */ = {isa = PBXFileReference; fileEncoding = 4; lastKnownFileType = sourcecode.c.h; path = ObjectMergingAppDelegate.h; sourceTree = "<group>"; };
		256AC3D90F4B6AC300CF3369 /* ObjectMergingAppDelegate.m */ = {isa = PBXFileReference; fileEncoding = 4; lastKnownFileType = sourcecode.c.objc; path = ObjectMergingAppDelegate.m; sourceTree = "<group>"; };
		256AC3F00F4B6AF500CF3369 /* ObjectMerging_Prefix.pch */ = {isa = PBXFileReference; fileEncoding = 4; lastKnownFileType = sourcecode.c.h; path = ObjectMerging_Prefix.pch; sourceTree = "<group>"; };
		29B97316FDCFA39411CA2CEA /* main.m */ = {isa = PBXFileReference; fileEncoding = 4; lastKnownFileType = sourcecode.c.objc; path = main.m; sourceTree = "<group>"; };
		29B97324FDCFA39411CA2CEA /* AppKit.framework */ = {isa = PBXFileReference; lastKnownFileType = wrapper.framework; name = AppKit.framework; path = /System/Library/Frameworks/AppKit.framework; sourceTree = "<absolute>"; };
		29B97325FDCFA39411CA2CEA /* Foundation.framework */ = {isa = PBXFileReference; lastKnownFileType = wrapper.framework; name = Foundation.framework; path = /System/Library/Frameworks/Foundation.framework; sourceTree = "<absolute>"; };
		6600AED3112E746F00C525BB /* EtoileFoundation.xcodeproj */ = {isa = PBXFileReference; lastKnownFileType = "wrapper.pb-project"; name = EtoileFoundation.xcodeproj; path = ../../../trunk/Etoile/Frameworks/EtoileFoundation/EtoileFoundation.xcodeproj; sourceTree = SOURCE_ROOT; };
		6601B90611D7119E00110623 /* diff.hh */ = {isa = PBXFileReference; fileEncoding = 4; lastKnownFileType = sourcecode.cpp.h; path = diff.hh; sourceTree = "<group>"; };
		666B277D117D0F7F004AC6E7 /* COFetchRequest.h */ = {isa = PBXFileReference; fileEncoding = 4; lastKnownFileType = sourcecode.c.h; path = COFetchRequest.h; sourceTree = "<group>"; };
		666B277E117D0F7F004AC6E7 /* COFetchRequest.m */ = {isa = PBXFileReference; fileEncoding = 4; lastKnownFileType = sourcecode.c.objc; path = COFetchRequest.m; sourceTree = "<group>"; };
		6675B17811DEA70A00ACE0CB /* COHistoryGraphNode.h */ = {isa = PBXFileReference; fileEncoding = 4; lastKnownFileType = sourcecode.c.h; path = COHistoryGraphNode.h; sourceTree = "<group>"; };
		6675B17911DEA70A00ACE0CB /* COHistoryGraphNode.m */ = {isa = PBXFileReference; fileEncoding = 4; lastKnownFileType = sourcecode.c.objc; path = COHistoryGraphNode.m; sourceTree = "<group>"; };
		6675B1AF11E17E5B00ACE0CB /* COStoreCoordinator.h */ = {isa = PBXFileReference; fileEncoding = 4; lastKnownFileType = sourcecode.c.h; path = COStoreCoordinator.h; sourceTree = "<group>"; };
		6675B1B011E17E5B00ACE0CB /* COStoreCoordinator.m */ = {isa = PBXFileReference; fileEncoding = 4; lastKnownFileType = sourcecode.c.objc; path = COStoreCoordinator.m; sourceTree = "<group>"; };
		6695E2001199532D00CDD7CF /* COObjectGraphDiff.h */ = {isa = PBXFileReference; fileEncoding = 4; lastKnownFileType = sourcecode.c.h; path = COObjectGraphDiff.h; sourceTree = "<group>"; };
		6695E2011199532D00CDD7CF /* COObjectGraphDiff.m */ = {isa = PBXFileReference; fileEncoding = 4; lastKnownFileType = sourcecode.c.objc; path = COObjectGraphDiff.m; sourceTree = "<group>"; };
		6698293811EB01AD007154CD /* COSetDiff.h */ = {isa = PBXFileReference; fileEncoding = 4; lastKnownFileType = sourcecode.c.h; path = COSetDiff.h; sourceTree = "<group>"; };
		6698293911EB01AD007154CD /* COSetDiff.m */ = {isa = PBXFileReference; fileEncoding = 4; lastKnownFileType = sourcecode.c.objc; path = COSetDiff.m; sourceTree = "<group>"; };
		66982A1F11EBC2A0007154CD /* TODO */ = {isa = PBXFileReference; fileEncoding = 4; lastKnownFileType = text; path = TODO; sourceTree = "<group>"; };
		66983DB211F267D0007154CD /* COSequenceDiff.h */ = {isa = PBXFileReference; fileEncoding = 4; lastKnownFileType = sourcecode.c.h; path = COSequenceDiff.h; sourceTree = "<group>"; };
		66983DB311F267D0007154CD /* COSequenceDiff.m */ = {isa = PBXFileReference; fileEncoding = 4; lastKnownFileType = sourcecode.c.objc; path = COSequenceDiff.m; sourceTree = "<group>"; };
		6699633C115F0C5E00359BE6 /* README */ = {isa = PBXFileReference; fileEncoding = 4; lastKnownFileType = text; path = README; sourceTree = "<group>"; };
		66996340115F46B600359BE6 /* COStringDiff.h */ = {isa = PBXFileReference; fileEncoding = 4; lastKnownFileType = sourcecode.c.h; path = COStringDiff.h; sourceTree = "<group>"; };
		66996341115F46B600359BE6 /* COStringDiff.mm */ = {isa = PBXFileReference; fileEncoding = 4; lastKnownFileType = sourcecode.cpp.objcpp; path = COStringDiff.mm; sourceTree = "<group>"; };
		6699637B115FE31800359BE6 /* COArrayDiff.h */ = {isa = PBXFileReference; fileEncoding = 4; lastKnownFileType = sourcecode.c.h; path = COArrayDiff.h; sourceTree = "<group>"; };
		6699637C115FE31800359BE6 /* COArrayDiff.mm */ = {isa = PBXFileReference; fileEncoding = 4; lastKnownFileType = sourcecode.cpp.objcpp; path = COArrayDiff.mm; sourceTree = "<group>"; };
		669963CF115FE67D00359BE6 /* COObject.h */ = {isa = PBXFileReference; fileEncoding = 4; lastKnownFileType = sourcecode.c.h; path = COObject.h; sourceTree = "<group>"; };
		669963D0115FE67D00359BE6 /* COObject.m */ = {isa = PBXFileReference; fileEncoding = 4; lastKnownFileType = sourcecode.c.objc; path = COObject.m; sourceTree = "<group>"; };
		669963EB11600FD500359BE6 /* LICENSE */ = {isa = PBXFileReference; fileEncoding = 4; lastKnownFileType = text; path = LICENSE; sourceTree = "<group>"; };
		669964F211613F8E00359BE6 /* COStore.h */ = {isa = PBXFileReference; fileEncoding = 4; lastKnownFileType = sourcecode.c.h; path = COStore.h; sourceTree = "<group>"; };
		669964F311613F8E00359BE6 /* COStore.m */ = {isa = PBXFileReference; fileEncoding = 4; lastKnownFileType = sourcecode.c.objc; path = COStore.m; sourceTree = "<group>"; };
		669964F71161431A00359BE6 /* COObjectContext.h */ = {isa = PBXFileReference; fileEncoding = 4; lastKnownFileType = sourcecode.c.h; path = COObjectContext.h; sourceTree = "<group>"; };
		669964F81161431A00359BE6 /* COObjectContext.m */ = {isa = PBXFileReference; fileEncoding = 4; lastKnownFileType = sourcecode.c.objc; path = COObjectContext.m; sourceTree = "<group>"; };
		6699651B11629A6400359BE6 /* NSData+compression.h */ = {isa = PBXFileReference; fileEncoding = 4; lastKnownFileType = sourcecode.c.h; path = "NSData+compression.h"; sourceTree = "<group>"; };
		6699651C11629A6400359BE6 /* NSData+compression.m */ = {isa = PBXFileReference; fileEncoding = 4; lastKnownFileType = sourcecode.c.objc; path = "NSData+compression.m"; sourceTree = "<group>"; };
		6699651E11629A7200359BE6 /* NSData+sha1.h */ = {isa = PBXFileReference; fileEncoding = 4; lastKnownFileType = sourcecode.c.h; path = "NSData+sha1.h"; sourceTree = "<group>"; };
		6699651F11629A7200359BE6 /* NSData+sha1.m */ = {isa = PBXFileReference; fileEncoding = 4; lastKnownFileType = sourcecode.c.objc; path = "NSData+sha1.m"; sourceTree = "<group>"; };
		669965351162E17500359BE6 /* libz.dylib */ = {isa = PBXFileReference; lastKnownFileType = "compiled.mach-o.dylib"; name = libz.dylib; path = /usr/lib/libz.dylib; sourceTree = "<absolute>"; };
		6699653F1162E1C000359BE6 /* libcrypto.dylib */ = {isa = PBXFileReference; lastKnownFileType = "compiled.mach-o.dylib"; name = libcrypto.dylib; path = usr/lib/libcrypto.dylib; sourceTree = SDKROOT; };
		6699661A11632D3300359BE6 /* DESIGN */ = {isa = PBXFileReference; fileEncoding = 4; lastKnownFileType = text; path = DESIGN; sourceTree = "<group>"; wrapsLines = 1; };
		6699663C1163B42C00359BE6 /* COSerializer.h */ = {isa = PBXFileReference; fileEncoding = 4; lastKnownFileType = sourcecode.c.h; path = COSerializer.h; sourceTree = "<group>"; };
		6699663D1163B42C00359BE6 /* COSerializer.m */ = {isa = PBXFileReference; fileEncoding = 4; lastKnownFileType = sourcecode.c.objc; path = COSerializer.m; sourceTree = "<group>"; };
		66AD537F113076E9003FE840 /* NOTES */ = {isa = PBXFileReference; fileEncoding = 4; lastKnownFileType = text; path = NOTES; sourceTree = "<group>"; };
		66C84BD511A54C3200DE87E7 /* COObject+KVC.m */ = {isa = PBXFileReference; fileEncoding = 4; lastKnownFileType = sourcecode.c.objc; path = "COObject+KVC.m"; sourceTree = "<group>"; };
		66C84D1711AE599A00DE87E7 /* COMergeResult.h */ = {isa = PBXFileReference; fileEncoding = 4; lastKnownFileType = sourcecode.c.h; path = COMergeResult.h; sourceTree = "<group>"; };
		66C84D1811AE599A00DE87E7 /* COMergeResult.m */ = {isa = PBXFileReference; fileEncoding = 4; lastKnownFileType = sourcecode.c.objc; path = COMergeResult.m; sourceTree = "<group>"; };
		8D1107310486CEB800E47090 /* ObjectMerging-Info.plist */ = {isa = PBXFileReference; fileEncoding = 4; lastKnownFileType = text.plist.xml; path = "ObjectMerging-Info.plist"; sourceTree = "<group>"; };
		8D1107320486CEB800E47090 /* ObjectMerging.app */ = {isa = PBXFileReference; explicitFileType = wrapper.application; includeInIndex = 0; path = ObjectMerging.app; sourceTree = BUILT_PRODUCTS_DIR; };
/* End PBXFileReference section */

/* Begin PBXFrameworksBuildPhase section */
		8D11072E0486CEB800E47090 /* Frameworks */ = {
			isa = PBXFrameworksBuildPhase;
			buildActionMask = 2147483647;
			files = (
				6600AEE5112E748D00C525BB /* EtoileFoundation.framework in Frameworks */,
				8D11072F0486CEB800E47090 /* Cocoa.framework in Frameworks */,
				669965361162E17500359BE6 /* libz.dylib in Frameworks */,
				669965401162E1C000359BE6 /* libcrypto.dylib in Frameworks */,
			);
			runOnlyForDeploymentPostprocessing = 0;
		};
/* End PBXFrameworksBuildPhase section */

/* Begin PBXGroup section */
		080E96DDFE201D6D7F000001 /* Classes */ = {
			isa = PBXGroup;
			children = (
				66996326115F0AD700359BE6 /* Test App */,
				66996325115F0A9B00359BE6 /* Front-end API */,
				66996324115F0A8800359BE6 /* Storage Backend */,
				6699661911632BAD00359BE6 /* Utilities */,
			);
			name = Classes;
			sourceTree = "<group>";
		};
		1058C7A0FEA54F0111CA2CBB /* Linked Frameworks */ = {
			isa = PBXGroup;
			children = (
				669965351162E17500359BE6 /* libz.dylib */,
				6699653F1162E1C000359BE6 /* libcrypto.dylib */,
				1058C7A1FEA54F0111CA2CBB /* Cocoa.framework */,
			);
			name = "Linked Frameworks";
			sourceTree = "<group>";
		};
		1058C7A2FEA54F0111CA2CBB /* Other Frameworks */ = {
			isa = PBXGroup;
			children = (
				29B97324FDCFA39411CA2CEA /* AppKit.framework */,
				13E42FB307B3F0F600E4EEF1 /* CoreData.framework */,
				29B97325FDCFA39411CA2CEA /* Foundation.framework */,
			);
			name = "Other Frameworks";
			sourceTree = "<group>";
		};
		19C28FACFE9D520D11CA2CBB /* Products */ = {
			isa = PBXGroup;
			children = (
				8D1107320486CEB800E47090 /* ObjectMerging.app */,
			);
			name = Products;
			sourceTree = "<group>";
		};
		29B97314FDCFA39411CA2CEA /* ObjectMerging */ = {
			isa = PBXGroup;
			children = (
				6600AED3112E746F00C525BB /* EtoileFoundation.xcodeproj */,
				6699633B115F0C4200359BE6 /* Documentation */,
				080E96DDFE201D6D7F000001 /* Classes */,
				29B97315FDCFA39411CA2CEA /* Other Sources */,
				29B97317FDCFA39411CA2CEA /* Resources */,
				29B97323FDCFA39411CA2CEA /* Frameworks */,
				19C28FACFE9D520D11CA2CBB /* Products */,
			);
			name = ObjectMerging;
			sourceTree = "<group>";
		};
		29B97315FDCFA39411CA2CEA /* Other Sources */ = {
			isa = PBXGroup;
			children = (
				256AC3F00F4B6AF500CF3369 /* ObjectMerging_Prefix.pch */,
				29B97316FDCFA39411CA2CEA /* main.m */,
			);
			name = "Other Sources";
			sourceTree = "<group>";
		};
		29B97317FDCFA39411CA2CEA /* Resources */ = {
			isa = PBXGroup;
			children = (
				8D1107310486CEB800E47090 /* ObjectMerging-Info.plist */,
				089C165CFE840E0CC02AAC07 /* InfoPlist.strings */,
				1DDD58140DA1D0A300B32029 /* MainMenu.xib */,
			);
			name = Resources;
			sourceTree = "<group>";
		};
		29B97323FDCFA39411CA2CEA /* Frameworks */ = {
			isa = PBXGroup;
			children = (
				1058C7A0FEA54F0111CA2CBB /* Linked Frameworks */,
				1058C7A2FEA54F0111CA2CBB /* Other Frameworks */,
			);
			name = Frameworks;
			sourceTree = "<group>";
		};
		6600AED4112E746F00C525BB /* Products */ = {
			isa = PBXGroup;
			children = (
				6600AEDD112E746F00C525BB /* EtoileXML.framework */,
				6600AEDF112E746F00C525BB /* EtoileFoundation.framework */,
				6600AEE1112E746F00C525BB /* TestEtoileFoundation.bundle */,
			);
			name = Products;
			sourceTree = "<group>";
		};
		661223A2116F906F0057DFAE /* Serializer */ = {
			isa = PBXGroup;
			children = (
				6699663C1163B42C00359BE6 /* COSerializer.h */,
				6699663D1163B42C00359BE6 /* COSerializer.m */,
			);
			name = Serializer;
			sourceTree = "<group>";
		};
		66996323115F0A7500359BE6 /* Low level Differencing & Merging */ = {
			isa = PBXGroup;
			children = (
				6601B90611D7119E00110623 /* diff.hh */,
				66C84D1711AE599A00DE87E7 /* COMergeResult.h */,
				66C84D1811AE599A00DE87E7 /* COMergeResult.m */,
				66983DB211F267D0007154CD /* COSequenceDiff.h */,
				66983DB311F267D0007154CD /* COSequenceDiff.m */,
				66996340115F46B600359BE6 /* COStringDiff.h */,
				66996341115F46B600359BE6 /* COStringDiff.mm */,
				6699637B115FE31800359BE6 /* COArrayDiff.h */,
				6699637C115FE31800359BE6 /* COArrayDiff.mm */,
				6698293811EB01AD007154CD /* COSetDiff.h */,
				6698293911EB01AD007154CD /* COSetDiff.m */,
			);
			name = "Low level Differencing & Merging";
			sourceTree = "<group>";
		};
		66996324115F0A8800359BE6 /* Storage Backend */ = {
			isa = PBXGroup;
			children = (
				669964F211613F8E00359BE6 /* COStore.h */,
				669964F311613F8E00359BE6 /* COStore.m */,
			);
			name = "Storage Backend";
			sourceTree = "<group>";
		};
		66996325115F0A9B00359BE6 /* Front-end API */ = {
			isa = PBXGroup;
			children = (
				669963CF115FE67D00359BE6 /* COObject.h */,
				669963D0115FE67D00359BE6 /* COObject.m */,
				66C84BD511A54C3200DE87E7 /* COObject+KVC.m */,
				669964F71161431A00359BE6 /* COObjectContext.h */,
				669964F81161431A00359BE6 /* COObjectContext.m */,
				666B277D117D0F7F004AC6E7 /* COFetchRequest.h */,
				666B277E117D0F7F004AC6E7 /* COFetchRequest.m */,
				6675B17811DEA70A00ACE0CB /* COHistoryGraphNode.h */,
				6675B17911DEA70A00ACE0CB /* COHistoryGraphNode.m */,
				6675B1AF11E17E5B00ACE0CB /* COStoreCoordinator.h */,
				6675B1B011E17E5B00ACE0CB /* COStoreCoordinator.m */,
				6695E2001199532D00CDD7CF /* COObjectGraphDiff.h */,
				6695E2011199532D00CDD7CF /* COObjectGraphDiff.m */,
			);
			name = "Front-end API";
			sourceTree = "<group>";
		};
		66996326115F0AD700359BE6 /* Test App */ = {
			isa = PBXGroup;
			children = (
				256AC3D80F4B6AC300CF3369 /* ObjectMergingAppDelegate.h */,
				256AC3D90F4B6AC300CF3369 /* ObjectMergingAppDelegate.m */,
			);
			name = "Test App";
			sourceTree = "<group>";
		};
		6699633B115F0C4200359BE6 /* Documentation */ = {
			isa = PBXGroup;
			children = (
				6699633C115F0C5E00359BE6 /* README */,
				669963EB11600FD500359BE6 /* LICENSE */,
				66AD537F113076E9003FE840 /* NOTES */,
				6699661A11632D3300359BE6 /* DESIGN */,
				66982A1F11EBC2A0007154CD /* TODO */,
			);
			name = Documentation;
			sourceTree = "<group>";
		};
		669964FA11629A0F00359BE6 /* Compression and Hashing */ = {
			isa = PBXGroup;
			children = (
				6699651B11629A6400359BE6 /* NSData+compression.h */,
				6699651C11629A6400359BE6 /* NSData+compression.m */,
				6699651E11629A7200359BE6 /* NSData+sha1.h */,
				6699651F11629A7200359BE6 /* NSData+sha1.m */,
			);
			name = "Compression and Hashing";
			sourceTree = "<group>";
		};
		6699661911632BAD00359BE6 /* Utilities */ = {
			isa = PBXGroup;
			children = (
				661223A2116F906F0057DFAE /* Serializer */,
				66996323115F0A7500359BE6 /* Low level Differencing & Merging */,
				669964FA11629A0F00359BE6 /* Compression and Hashing */,
			);
			name = Utilities;
			sourceTree = "<group>";
		};
/* End PBXGroup section */

/* Begin PBXNativeTarget section */
		8D1107260486CEB800E47090 /* ObjectMerging */ = {
			isa = PBXNativeTarget;
			buildConfigurationList = C01FCF4A08A954540054247B /* Build configuration list for PBXNativeTarget "ObjectMerging" */;
			buildPhases = (
				8D1107290486CEB800E47090 /* Resources */,
				8D11072C0486CEB800E47090 /* Sources */,
				8D11072E0486CEB800E47090 /* Frameworks */,
			);
			buildRules = (
			);
			dependencies = (
			);
			name = ObjectMerging;
			productInstallPath = "$(HOME)/Applications";
			productName = ObjectMerging;
			productReference = 8D1107320486CEB800E47090 /* ObjectMerging.app */;
			productType = "com.apple.product-type.application";
		};
/* End PBXNativeTarget section */

/* Begin PBXProject section */
		29B97313FDCFA39411CA2CEA /* Project object */ = {
			isa = PBXProject;
			buildConfigurationList = C01FCF4E08A954540054247B /* Build configuration list for PBXProject "ObjectMerging" */;
			compatibilityVersion = "Xcode 3.1";
			hasScannedForEncodings = 1;
			mainGroup = 29B97314FDCFA39411CA2CEA /* ObjectMerging */;
			projectDirPath = "";
			projectReferences = (
				{
					ProductGroup = 6600AED4112E746F00C525BB /* Products */;
					ProjectRef = 6600AED3112E746F00C525BB /* EtoileFoundation.xcodeproj */;
				},
			);
			projectRoot = "";
			targets = (
				8D1107260486CEB800E47090 /* ObjectMerging */,
			);
		};
/* End PBXProject section */

/* Begin PBXReferenceProxy section */
		6600AEDD112E746F00C525BB /* EtoileXML.framework */ = {
			isa = PBXReferenceProxy;
			fileType = wrapper.framework;
			path = EtoileXML.framework;
			remoteRef = 6600AEDC112E746F00C525BB /* PBXContainerItemProxy */;
			sourceTree = BUILT_PRODUCTS_DIR;
		};
		6600AEDF112E746F00C525BB /* EtoileFoundation.framework */ = {
			isa = PBXReferenceProxy;
			fileType = wrapper.framework;
			path = EtoileFoundation.framework;
			remoteRef = 6600AEDE112E746F00C525BB /* PBXContainerItemProxy */;
			sourceTree = BUILT_PRODUCTS_DIR;
		};
		6600AEE1112E746F00C525BB /* TestEtoileFoundation.bundle */ = {
			isa = PBXReferenceProxy;
			fileType = wrapper.cfbundle;
			path = TestEtoileFoundation.bundle;
			remoteRef = 6600AEE0112E746F00C525BB /* PBXContainerItemProxy */;
			sourceTree = BUILT_PRODUCTS_DIR;
		};
/* End PBXReferenceProxy section */

/* Begin PBXResourcesBuildPhase section */
		8D1107290486CEB800E47090 /* Resources */ = {
			isa = PBXResourcesBuildPhase;
			buildActionMask = 2147483647;
			files = (
				8D11072B0486CEB800E47090 /* InfoPlist.strings in Resources */,
				1DDD58160DA1D0A300B32029 /* MainMenu.xib in Resources */,
				66982A2011EBC2A0007154CD /* TODO in Resources */,
			);
			runOnlyForDeploymentPostprocessing = 0;
		};
/* End PBXResourcesBuildPhase section */

/* Begin PBXSourcesBuildPhase section */
		8D11072C0486CEB800E47090 /* Sources */ = {
			isa = PBXSourcesBuildPhase;
			buildActionMask = 2147483647;
			files = (
				6695E4B911A1604800CDD7CF /* ObjectMergingAppDelegate.m in Sources */,
				6695E4BA11A1604800CDD7CF /* COObject.m in Sources */,
				6695E4BB11A1604800CDD7CF /* COObjectContext.m in Sources */,
				6695E4BC11A1604800CDD7CF /* COFetchRequest.m in Sources */,
				6695E4BE11A1604800CDD7CF /* COObjectGraphDiff.m in Sources */,
				6695E4C311A1604800CDD7CF /* COStore.m in Sources */,
				6695E4C411A1604800CDD7CF /* COSerializer.m in Sources */,
				6695E4C811A1604800CDD7CF /* COStringDiff.mm in Sources */,
				6695E4C911A1604800CDD7CF /* COArrayDiff.mm in Sources */,
				6695E4CB11A1604800CDD7CF /* NSData+compression.m in Sources */,
				6695E4CC11A1604800CDD7CF /* NSData+sha1.m in Sources */,
				6695E4CD11A1604800CDD7CF /* main.m in Sources */,
				66C84BD611A54C3200DE87E7 /* COObject+KVC.m in Sources */,
				66C84D1911AE599A00DE87E7 /* COMergeResult.m in Sources */,
				6675B17A11DEA70A00ACE0CB /* COHistoryGraphNode.m in Sources */,
				6675B1B111E17E5B00ACE0CB /* COStoreCoordinator.m in Sources */,
				6698293A11EB01AD007154CD /* COSetDiff.m in Sources */,
				66983DB411F267D0007154CD /* COSequenceDiff.m in Sources */,
			);
			runOnlyForDeploymentPostprocessing = 0;
		};
/* End PBXSourcesBuildPhase section */

/* Begin PBXVariantGroup section */
		089C165CFE840E0CC02AAC07 /* InfoPlist.strings */ = {
			isa = PBXVariantGroup;
			children = (
				089C165DFE840E0CC02AAC07 /* English */,
			);
			name = InfoPlist.strings;
			sourceTree = "<group>";
		};
		1DDD58140DA1D0A300B32029 /* MainMenu.xib */ = {
			isa = PBXVariantGroup;
			children = (
				1DDD58150DA1D0A300B32029 /* English */,
			);
			name = MainMenu.xib;
			sourceTree = "<group>";
		};
/* End PBXVariantGroup section */

/* Begin XCBuildConfiguration section */
		C01FCF4B08A954540054247B /* Debug */ = {
			isa = XCBuildConfiguration;
			buildSettings = {
				ALWAYS_SEARCH_USER_PATHS = NO;
				COPY_PHASE_STRIP = NO;
				FRAMEWORK_SEARCH_PATHS = (
					"$(inherited)",
					"\"$(SRCROOT)/../../../trunk/Etoile/Frameworks/CoreObject/build/Release\"",
					"\"$(SRCROOT)/../../../trunk/Etoile/Frameworks/EtoileFoundation/build/Release\"",
				);
				GCC_DYNAMIC_NO_PIC = NO;
				GCC_ENABLE_FIX_AND_CONTINUE = YES;
				GCC_MODEL_TUNING = G5;
				GCC_OPTIMIZATION_LEVEL = 0;
				GCC_PRECOMPILE_PREFIX_HEADER = YES;
				GCC_PREFIX_HEADER = ObjectMerging_Prefix.pch;
				GCC_VERSION = com.apple.compilers.llvm.clang.1_0;
				INFOPLIST_FILE = "ObjectMerging-Info.plist";
				INSTALL_PATH = "$(HOME)/Applications";
				LIBRARY_SEARCH_PATHS = (
					"$(inherited)",
					"\"$(SRCROOT)/../../../trunk/Etoile/Frameworks/CoreObject/build/CoreObject.build/Release/CoreObject.build/Objects-normal/i386\"",
					"\"$(SRCROOT)/../../../trunk/Etoile/Frameworks/CoreObject/build/CoreObject.build/Release/CoreObject.build/Objects-normal/x86_64\"",
				);
				PRODUCT_NAME = ObjectMerging;
			};
			name = Debug;
		};
		C01FCF4C08A954540054247B /* Release */ = {
			isa = XCBuildConfiguration;
			buildSettings = {
				ALWAYS_SEARCH_USER_PATHS = NO;
				DEBUG_INFORMATION_FORMAT = "dwarf-with-dsym";
				FRAMEWORK_SEARCH_PATHS = (
					"$(inherited)",
					"\"$(SRCROOT)/../../../trunk/Etoile/Frameworks/CoreObject/build/Release\"",
					"\"$(SRCROOT)/../../../trunk/Etoile/Frameworks/EtoileFoundation/build/Release\"",
				);
				GCC_MODEL_TUNING = G5;
				GCC_PRECOMPILE_PREFIX_HEADER = YES;
				GCC_PREFIX_HEADER = ObjectMerging_Prefix.pch;
				GCC_VERSION = com.apple.compilers.llvm.clang.1_0;
				INFOPLIST_FILE = "ObjectMerging-Info.plist";
				INSTALL_PATH = "$(HOME)/Applications";
				LIBRARY_SEARCH_PATHS = (
					"$(inherited)",
					"\"$(SRCROOT)/../../../trunk/Etoile/Frameworks/CoreObject/build/CoreObject.build/Release/CoreObject.build/Objects-normal/i386\"",
					"\"$(SRCROOT)/../../../trunk/Etoile/Frameworks/CoreObject/build/CoreObject.build/Release/CoreObject.build/Objects-normal/x86_64\"",
				);
				PRODUCT_NAME = ObjectMerging;
			};
			name = Release;
		};
		C01FCF4F08A954540054247B /* Debug */ = {
			isa = XCBuildConfiguration;
			buildSettings = {
				ARCHS = "$(ARCHS_STANDARD_32_64_BIT)";
				GCC_C_LANGUAGE_STANDARD = gnu99;
				GCC_OPTIMIZATION_LEVEL = 0;
				GCC_WARN_ABOUT_RETURN_TYPE = YES;
				GCC_WARN_UNUSED_VARIABLE = YES;
				ONLY_ACTIVE_ARCH = YES;
				PREBINDING = NO;
				SDKROOT = macosx10.6;
			};
			name = Debug;
		};
		C01FCF5008A954540054247B /* Release */ = {
			isa = XCBuildConfiguration;
			buildSettings = {
				ARCHS = "$(ARCHS_STANDARD_32_64_BIT)";
				GCC_C_LANGUAGE_STANDARD = gnu99;
				GCC_OPTIMIZATION_LEVEL = 3;
				GCC_WARN_ABOUT_RETURN_TYPE = YES;
				GCC_WARN_UNUSED_VARIABLE = YES;
				PREBINDING = NO;
				SDKROOT = macosx10.6;
			};
			name = Release;
		};
/* End XCBuildConfiguration section */

/* Begin XCConfigurationList section */
		C01FCF4A08A954540054247B /* Build configuration list for PBXNativeTarget "ObjectMerging" */ = {
			isa = XCConfigurationList;
			buildConfigurations = (
				C01FCF4B08A954540054247B /* Debug */,
				C01FCF4C08A954540054247B /* Release */,
			);
			defaultConfigurationIsVisible = 0;
			defaultConfigurationName = Release;
		};
		C01FCF4E08A954540054247B /* Build configuration list for PBXProject "ObjectMerging" */ = {
			isa = XCConfigurationList;
			buildConfigurations = (
				C01FCF4F08A954540054247B /* Debug */,
				C01FCF5008A954540054247B /* Release */,
			);
			defaultConfigurationIsVisible = 0;
			defaultConfigurationName = Release;
		};
/* End XCConfigurationList section */
	};
	rootObject = 29B97313FDCFA39411CA2CEA /* Project object */;
}
